
Microsoft Visual Studio Solution File, Format Version 12.00
# Visual Studio Version 16
VisualStudioVersion = 16.0.35026.282
MinimumVisualStudioVersion = 10.0.40219.1
Project("{FAE04EC0-301F-11D3-BF4B-00C04F79EFBC}") = "WebAppForm", "WebAppForm\WebAppForm.csproj", "{FC4CBEC7-4456-44C6-BB66-0CD8E544D699}"
EndProject
Project("{2150E333-8FDC-42A3-9474-1A3956D46DE8}") = "Solution Items", "Solution Items", "{7DF4CB41-94F1-465C-9C50-550ECB2EB0ED}"
	ProjectSection(SolutionItems) = preProject
		index.html = index.html
	EndProjectSection
EndProject
Global
	GlobalSection(SolutionConfigurationPlatforms) = preSolution
		Debug|Any CPU = Debug|Any CPU
		Release|Any CPU = Release|Any CPU
	EndGlobalSection
	GlobalSection(ProjectConfigurationPlatforms) = postSolution
		{FC4CBEC7-4456-44C6-BB66-0CD8E544D699}.Debug|Any CPU.ActiveCfg = Debug|Any CPU
		{FC4CBEC7-4456-44C6-BB66-0CD8E544D699}.Debug|Any CPU.Build.0 = Debug|Any CPU
		{FC4CBEC7-4456-44C6-BB66-0CD8E544D699}.Release|Any CPU.ActiveCfg = Release|Any CPU
		{FC4CBEC7-4456-44C6-BB66-0CD8E544D699}.Release|Any CPU.Build.0 = Release|Any CPU
	EndGlobalSection
	GlobalSection(SolutionProperties) = preSolution
		HideSolutionNode = FALSE
	EndGlobalSection
	GlobalSection(ExtensibilityGlobals) = postSolution
		SolutionGuid = {04F8F8CB-DEF3-40DA-B2E3-DD229DFED58B}
	EndGlobalSection
EndGlobal
